
Microsoft Visual Studio Solution File, Format Version 12.00
# Visual Studio 2013
VisualStudioVersion = 12.0.21005.1
MinimumVisualStudioVersion = 10.0.40219.1
Project("{FAE04EC0-301F-11D3-BF4B-00C04F79EFBC}") = "variables", "variables\variables.csproj", "{B3A9F7F5-6AD4-43DA-8A21-4A7D4F3C2413}"
EndProject
Global
	GlobalSection(SolutionConfigurationPlatforms) = preSolution
		Debug|Any CPU = Debug|Any CPU
		Release|Any CPU = Release|Any CPU
	EndGlobalSection
	GlobalSection(ProjectConfigurationPlatforms) = postSolution
		{B3A9F7F5-6AD4-43DA-8A21-4A7D4F3C2413}.Debug|Any CPU.ActiveCfg = Debug|Any CPU
		{B3A9F7F5-6AD4-43DA-8A21-4A7D4F3C2413}.Debug|Any CPU.Build.0 = Debug|Any CPU
		{B3A9F7F5-6AD4-43DA-8A21-4A7D4F3C2413}.Release|Any CPU.ActiveCfg = Release|Any CPU
		{B3A9F7F5-6AD4-43DA-8A21-4A7D4F3C2413}.Release|Any CPU.Build.0 = Release|Any CPU
	EndGlobalSection
	GlobalSection(SolutionProperties) = preSolution
		HideSolutionNode = FALSE
	EndGlobalSection
EndGlobal
